// !$*UTF8*$!
{
	archiveVersion = 1;
	classes = {
	};
	objectVersion = 46;
	objects = {

/* Begin PBXBuildFile section */
		FFF182511A0518C800B9C705 /* main.m in Sources */ = {isa = PBXBuildFile; fileRef = FFF182501A0518C800B9C705 /* main.m */; };
		FFF182541A0518C800B9C705 /* AppDelegate.m in Sources */ = {isa = PBXBuildFile; fileRef = FFF182531A0518C800B9C705 /* AppDelegate.m */; };
		FFF182571A0518C800B9C705 /* Forecast.xcdatamodeld in Sources */ = {isa = PBXBuildFile; fileRef = FFF182551A0518C800B9C705 /* Forecast.xcdatamodeld */; };
		FFF1825A1A0518C800B9C705 /* ViewController.m in Sources */ = {isa = PBXBuildFile; fileRef = FFF182591A0518C800B9C705 /* ViewController.m */; };
		FFF1825D1A0518C800B9C705 /* Main.storyboard in Resources */ = {isa = PBXBuildFile; fileRef = FFF1825B1A0518C800B9C705 /* Main.storyboard */; };
		FFF1825F1A0518C800B9C705 /* Images.xcassets in Resources */ = {isa = PBXBuildFile; fileRef = FFF1825E1A0518C800B9C705 /* Images.xcassets */; };
		FFF182621A0518C800B9C705 /* LaunchScreen.xib in Resources */ = {isa = PBXBuildFile; fileRef = FFF182601A0518C800B9C705 /* LaunchScreen.xib */; };
		FFF1826E1A0518C800B9C705 /* ForecastTests.m in Sources */ = {isa = PBXBuildFile; fileRef = FFF1826D1A0518C800B9C705 /* ForecastTests.m */; };
/* End PBXBuildFile section */

/* Begin PBXContainerItemProxy section */
		FFF182681A0518C800B9C705 /* PBXContainerItemProxy */ = {
			isa = PBXContainerItemProxy;
			containerPortal = FFF182431A0518C800B9C705 /* Project object */;
			proxyType = 1;
			remoteGlobalIDString = FFF1824A1A0518C800B9C705;
			remoteInfo = Forecast;
		};
/* End PBXContainerItemProxy section */

/* Begin PBXFileReference section */
		FFF1824B1A0518C800B9C705 /* Forecast.app */ = {isa = PBXFileReference; explicitFileType = wrapper.application; includeInIndex = 0; path = Forecast.app; sourceTree = BUILT_PRODUCTS_DIR; };
		FFF1824F1A0518C800B9C705 /* Info.plist */ = {isa = PBXFileReference; lastKnownFileType = text.plist.xml; path = Info.plist; sourceTree = "<group>"; };
		FFF182501A0518C800B9C705 /* main.m */ = {isa = PBXFileReference; lastKnownFileType = sourcecode.c.objc; path = main.m; sourceTree = "<group>"; };
		FFF182521A0518C800B9C705 /* AppDelegate.h */ = {isa = PBXFileReference; lastKnownFileType = sourcecode.c.h; path = AppDelegate.h; sourceTree = "<group>"; };
		FFF182531A0518C800B9C705 /* AppDelegate.m */ = {isa = PBXFileReference; lastKnownFileType = sourcecode.c.objc; path = AppDelegate.m; sourceTree = "<group>"; };
		FFF182561A0518C800B9C705 /* Forecast.xcdatamodel */ = {isa = PBXFileReference; lastKnownFileType = wrapper.xcdatamodel; path = Forecast.xcdatamodel; sourceTree = "<group>"; };
		FFF182581A0518C800B9C705 /* ViewController.h */ = {isa = PBXFileReference; lastKnownFileType = sourcecode.c.h; path = ViewController.h; sourceTree = "<group>"; };
		FFF182591A0518C800B9C705 /* ViewController.m */ = {isa = PBXFileReference; lastKnownFileType = sourcecode.c.objc; path = ViewController.m; sourceTree = "<group>"; };
		FFF1825C1A0518C800B9C705 /* Base */ = {isa = PBXFileReference; lastKnownFileType = file.storyboard; name = Base; path = Base.lproj/Main.storyboard; sourceTree = "<group>"; };
		FFF1825E1A0518C800B9C705 /* Images.xcassets */ = {isa = PBXFileReference; lastKnownFileType = folder.assetcatalog; path = Images.xcassets; sourceTree = "<group>"; };
		FFF182611A0518C800B9C705 /* Base */ = {isa = PBXFileReference; lastKnownFileType = file.xib; name = Base; path = Base.lproj/LaunchScreen.xib; sourceTree = "<group>"; };
		FFF182671A0518C800B9C705 /* ForecastTests.xctest */ = {isa = PBXFileReference; explicitFileType = wrapper.cfbundle; includeInIndex = 0; path = ForecastTests.xctest; sourceTree = BUILT_PRODUCTS_DIR; };
		FFF1826C1A0518C800B9C705 /* Info.plist */ = {isa = PBXFileReference; lastKnownFileType = text.plist.xml; path = Info.plist; sourceTree = "<group>"; };
		FFF1826D1A0518C800B9C705 /* ForecastTests.m */ = {isa = PBXFileReference; lastKnownFileType = sourcecode.c.objc; path = ForecastTests.m; sourceTree = "<group>"; };
/* End PBXFileReference section */

/* Begin PBXFrameworksBuildPhase section */
		FFF182481A0518C800B9C705 /* Frameworks */ = {
			isa = PBXFrameworksBuildPhase;
			buildActionMask = 2147483647;
			files = (
			);
			runOnlyForDeploymentPostprocessing = 0;
		};
		FFF182641A0518C800B9C705 /* Frameworks */ = {
			isa = PBXFrameworksBuildPhase;
			buildActionMask = 2147483647;
			files = (
			);
			runOnlyForDeploymentPostprocessing = 0;
		};
/* End PBXFrameworksBuildPhase section */

/* Begin PBXGroup section */
		FFF182421A0518C800B9C705 = {
			isa = PBXGroup;
			children = (
				FFF1824D1A0518C800B9C705 /* Forecast */,
				FFF1826A1A0518C800B9C705 /* ForecastTests */,
				FFF1824C1A0518C800B9C705 /* Products */,
			);
			sourceTree = "<group>";
		};
		FFF1824C1A0518C800B9C705 /* Products */ = {
			isa = PBXGroup;
			children = (
				FFF1824B1A0518C800B9C705 /* Forecast.app */,
				FFF182671A0518C800B9C705 /* ForecastTests.xctest */,
			);
			name = Products;
			sourceTree = "<group>";
		};
		FFF1824D1A0518C800B9C705 /* Forecast */ = {
			isa = PBXGroup;
			children = (
				FFF182521A0518C800B9C705 /* AppDelegate.h */,
				FFF182531A0518C800B9C705 /* AppDelegate.m */,
				FFF182581A0518C800B9C705 /* ViewController.h */,
				FFF182591A0518C800B9C705 /* ViewController.m */,
				FFF1825B1A0518C800B9C705 /* Main.storyboard */,
				FFF1825E1A0518C800B9C705 /* Images.xcassets */,
				FFF182601A0518C800B9C705 /* LaunchScreen.xib */,
				FFF182551A0518C800B9C705 /* Forecast.xcdatamodeld */,
				FFF1824E1A0518C800B9C705 /* Supporting Files */,
			);
			path = Forecast;
			sourceTree = "<group>";
		};
		FFF1824E1A0518C800B9C705 /* Supporting Files */ = {
			isa = PBXGroup;
			children = (
				FFF1824F1A0518C800B9C705 /* Info.plist */,
				FFF182501A0518C800B9C705 /* main.m */,
			);
			name = "Supporting Files";
			sourceTree = "<group>";
		};
		FFF1826A1A0518C800B9C705 /* ForecastTests */ = {
			isa = PBXGroup;
			children = (
				FFF1826D1A0518C800B9C705 /* ForecastTests.m */,
				FFF1826B1A0518C800B9C705 /* Supporting Files */,
			);
			path = ForecastTests;
			sourceTree = "<group>";
		};
		FFF1826B1A0518C800B9C705 /* Supporting Files */ = {
			isa = PBXGroup;
			children = (
				FFF1826C1A0518C800B9C705 /* Info.plist */,
			);
			name = "Supporting Files";
			sourceTree = "<group>";
		};
/* End PBXGroup section */

/* Begin PBXNativeTarget section */
		FFF1824A1A0518C800B9C705 /* Forecast */ = {
			isa = PBXNativeTarget;
			buildConfigurationList = FFF182711A0518C800B9C705 /* Build configuration list for PBXNativeTarget "Forecast" */;
			buildPhases = (
				FFF182471A0518C800B9C705 /* Sources */,
				FFF182481A0518C800B9C705 /* Frameworks */,
				FFF182491A0518C800B9C705 /* Resources */,
			);
			buildRules = (
			);
			dependencies = (
			);
			name = Forecast;
			productName = Forecast;
			productReference = FFF1824B1A0518C800B9C705 /* Forecast.app */;
			productType = "com.apple.product-type.application";
		};
		FFF182661A0518C800B9C705 /* ForecastTests */ = {
			isa = PBXNativeTarget;
			buildConfigurationList = FFF182741A0518C800B9C705 /* Build configuration list for PBXNativeTarget "ForecastTests" */;
			buildPhases = (
				FFF182631A0518C800B9C705 /* Sources */,
				FFF182641A0518C800B9C705 /* Frameworks */,
				FFF182651A0518C800B9C705 /* Resources */,
			);
			buildRules = (
			);
			dependencies = (
				FFF182691A0518C800B9C705 /* PBXTargetDependency */,
			);
			name = ForecastTests;
			productName = ForecastTests;
			productReference = FFF182671A0518C800B9C705 /* ForecastTests.xctest */;
			productType = "com.apple.product-type.bundle.unit-test";
		};
/* End PBXNativeTarget section */

/* Begin PBXProject section */
		FFF182431A0518C800B9C705 /* Project object */ = {
			isa = PBXProject;
			attributes = {
				LastUpgradeCheck = 0610;
				ORGANIZATIONNAME = QiMENG;
				TargetAttributes = {
					FFF1824A1A0518C800B9C705 = {
						CreatedOnToolsVersion = 6.1;
					};
					FFF182661A0518C800B9C705 = {
						CreatedOnToolsVersion = 6.1;
						TestTargetID = FFF1824A1A0518C800B9C705;
					};
				};
			};
			buildConfigurationList = FFF182461A0518C800B9C705 /* Build configuration list for PBXProject "Forecast" */;
			compatibilityVersion = "Xcode 3.2";
			developmentRegion = English;
			hasScannedForEncodings = 0;
			knownRegions = (
				en,
				Base,
			);
			mainGroup = FFF182421A0518C800B9C705;
			productRefGroup = FFF1824C1A0518C800B9C705 /* Products */;
			projectDirPath = "";
			projectRoot = "";
			targets = (
				FFF1824A1A0518C800B9C705 /* Forecast */,
				FFF182661A0518C800B9C705 /* ForecastTests */,
			);
		};
/* End PBXProject section */

/* Begin PBXResourcesBuildPhase section */
		FFF182491A0518C800B9C705 /* Resources */ = {
			isa = PBXResourcesBuildPhase;
			buildActionMask = 2147483647;
			files = (
				FFF1825D1A0518C800B9C705 /* Main.storyboard in Resources */,
				FFF182621A0518C800B9C705 /* LaunchScreen.xib in Resources */,
				FFF1825F1A0518C800B9C705 /* Images.xcassets in Resources */,
			);
			runOnlyForDeploymentPostprocessing = 0;
		};
		FFF182651A0518C800B9C705 /* Resources */ = {
			isa = PBXResourcesBuildPhase;
			buildActionMask = 2147483647;
			files = (
			);
			runOnlyForDeploymentPostprocessing = 0;
		};
/* End PBXResourcesBuildPhase section */

/* Begin PBXSourcesBuildPhase section */
		FFF182471A0518C800B9C705 /* Sources */ = {
			isa = PBXSourcesBuildPhase;
			buildActionMask = 2147483647;
			files = (
				FFF182541A0518C800B9C705 /* AppDelegate.m in Sources */,
				FFF182571A0518C800B9C705 /* Forecast.xcdatamodeld in Sources */,
				FFF1825A1A0518C800B9C705 /* ViewController.m in Sources */,
				FFF182511A0518C800B9C705 /* main.m in Sources */,
			);
			runOnlyForDeploymentPostprocessing = 0;
		};
		FFF182631A0518C800B9C705 /* Sources */ = {
			isa = PBXSourcesBuildPhase;
			buildActionMask = 2147483647;
			files = (
				FFF1826E1A0518C800B9C705 /* ForecastTests.m in Sources */,
			);
			runOnlyForDeploymentPostprocessing = 0;
		};
/* End PBXSourcesBuildPhase section */

/* Begin PBXTargetDependency section */
		FFF182691A0518C800B9C705 /* PBXTargetDependency */ = {
			isa = PBXTargetDependency;
			target = FFF1824A1A0518C800B9C705 /* Forecast */;
			targetProxy = FFF182681A0518C800B9C705 /* PBXContainerItemProxy */;
		};
/* End PBXTargetDependency section */

/* Begin PBXVariantGroup section */
		FFF1825B1A0518C800B9C705 /* Main.storyboard */ = {
			isa = PBXVariantGroup;
			children = (
				FFF1825C1A0518C800B9C705 /* Base */,
			);
			name = Main.storyboard;
			sourceTree = "<group>";
		};
		FFF182601A0518C800B9C705 /* LaunchScreen.xib */ = {
			isa = PBXVariantGroup;
			children = (
				FFF182611A0518C800B9C705 /* Base */,
			);
			name = LaunchScreen.xib;
			sourceTree = "<group>";
		};
/* End PBXVariantGroup section */

/* Begin XCBuildConfiguration section */
		FFF1826F1A0518C800B9C705 /* Debug */ = {
			isa = XCBuildConfiguration;
			buildSettings = {
				ALWAYS_SEARCH_USER_PATHS = NO;
				CLANG_CXX_LANGUAGE_STANDARD = "gnu++0x";
				CLANG_CXX_LIBRARY = "libc++";
				CLANG_ENABLE_MODULES = YES;
				CLANG_ENABLE_OBJC_ARC = YES;
				CLANG_WARN_BOOL_CONVERSION = YES;
				CLANG_WARN_CONSTANT_CONVERSION = YES;
				CLANG_WARN_DIRECT_OBJC_ISA_USAGE = YES_ERROR;
				CLANG_WARN_EMPTY_BODY = YES;
				CLANG_WARN_ENUM_CONVERSION = YES;
				CLANG_WARN_INT_CONVERSION = YES;
				CLANG_WARN_OBJC_ROOT_CLASS = YES_ERROR;
				CLANG_WARN_UNREACHABLE_CODE = YES;
				CLANG_WARN__DUPLICATE_METHOD_MATCH = YES;
				"CODE_SIGN_IDENTITY[sdk=iphoneos*]" = "iPhone Developer";
				COPY_PHASE_STRIP = NO;
				ENABLE_STRICT_OBJC_MSGSEND = YES;
				GCC_C_LANGUAGE_STANDARD = gnu99;
				GCC_DYNAMIC_NO_PIC = NO;
				GCC_OPTIMIZATION_LEVEL = 0;
				GCC_PREPROCESSOR_DEFINITIONS = (
					"DEBUG=1",
					"$(inherited)",
				);
				GCC_SYMBOLS_PRIVATE_EXTERN = NO;
				GCC_WARN_64_TO_32_BIT_CONVERSION = YES;
				GCC_WARN_ABOUT_RETURN_TYPE = YES_ERROR;
				GCC_WARN_UNDECLARED_SELECTOR = YES;
				GCC_WARN_UNINITIALIZED_AUTOS = YES_AGGRESSIVE;
				GCC_WARN_UNUSED_FUNCTION = YES;
				GCC_WARN_UNUSED_VARIABLE = YES;
				IPHONEOS_DEPLOYMENT_TARGET = 8.1;
				MTL_ENABLE_DEBUG_INFO = YES;
				ONLY_ACTIVE_ARCH = YES;
				SDKROOT = iphoneos;
			};
			name = Debug;
		};
		FFF182701A0518C800B9C705 /* Release */ = {
			isa = XCBuildConfiguration;
			buildSettings = {
				ALWAYS_SEARCH_USER_PATHS = NO;
				CLANG_CXX_LANGUAGE_STANDARD = "gnu++0x";
				CLANG_CXX_LIBRARY = "libc++";
				CLANG_ENABLE_MODULES = YES;
				CLANG_ENABLE_OBJC_ARC = YES;
				CLANG_WARN_BOOL_CONVERSION = YES;
				CLANG_WARN_CONSTANT_CONVERSION = YES;
				CLANG_WARN_DIRECT_OBJC_ISA_USAGE = YES_ERROR;
				CLANG_WARN_EMPTY_BODY = YES;
				CLANG_WARN_ENUM_CONVERSION = YES;
				CLANG_WARN_INT_CONVERSION = YES;
				CLANG_WARN_OBJC_ROOT_CLASS = YES_ERROR;
				CLANG_WARN_UNREACHABLE_CODE = YES;
				CLANG_WARN__DUPLICATE_METHOD_MATCH = YES;
				"CODE_SIGN_IDENTITY[sdk=iphoneos*]" = "iPhone Developer";
				COPY_PHASE_STRIP = YES;
				ENABLE_NS_ASSERTIONS = NO;
				ENABLE_STRICT_OBJC_MSGSEND = YES;
				GCC_C_LANGUAGE_STANDARD = gnu99;
				GCC_WARN_64_TO_32_BIT_CONVERSION = YES;
				GCC_WARN_ABOUT_RETURN_TYPE = YES_ERROR;
				GCC_WARN_UNDECLARED_SELECTOR = YES;
				GCC_WARN_UNINITIALIZED_AUTOS = YES_AGGRESSIVE;
				GCC_WARN_UNUSED_FUNCTION = YES;
				GCC_WARN_UNUSED_VARIABLE = YES;
				IPHONEOS_DEPLOYMENT_TARGET = 8.1;
				MTL_ENABLE_DEBUG_INFO = NO;
				SDKROOT = iphoneos;
				VALIDATE_PRODUCT = YES;
			};
			name = Release;
		};
		FFF182721A0518C800B9C705 /* Debug */ = {
			isa = XCBuildConfiguration;
			buildSettings = {
				ASSETCATALOG_COMPILER_APPICON_NAME = AppIcon;
				INFOPLIST_FILE = Forecast/Info.plist;
				LD_RUNPATH_SEARCH_PATHS = "$(inherited) @executable_path/Frameworks";
				PRODUCT_NAME = "$(TARGET_NAME)";
			};
			name = Debug;
		};
		FFF182731A0518C800B9C705 /* Release */ = {
			isa = XCBuildConfiguration;
			buildSettings = {
				ASSETCATALOG_COMPILER_APPICON_NAME = AppIcon;
				INFOPLIST_FILE = Forecast/Info.plist;
				LD_RUNPATH_SEARCH_PATHS = "$(inherited) @executable_path/Frameworks";
				PRODUCT_NAME = "$(TARGET_NAME)";
			};
			name = Release;
		};
		FFF182751A0518C800B9C705 /* Debug */ = {
			isa = XCBuildConfiguration;
			buildSettings = {
				BUNDLE_LOADER = "$(TEST_HOST)";
				FRAMEWORK_SEARCH_PATHS = (
					"$(SDKROOT)/Developer/Library/Frameworks",
					"$(inherited)",
				);
				GCC_PREPROCESSOR_DEFINITIONS = (
					"DEBUG=1",
					"$(inherited)",
				);
				INFOPLIST_FILE = ForecastTests/Info.plist;
				LD_RUNPATH_SEARCH_PATHS = "$(inherited) @executable_path/Frameworks @loader_path/Frameworks";
				PRODUCT_NAME = "$(TARGET_NAME)";
				TEST_HOST = "$(BUILT_PRODUCTS_DIR)/Forecast.app/Forecast";
			};
			name = Debug;
		};
		FFF182761A0518C800B9C705 /* Release */ = {
			isa = XCBuildConfiguration;
			buildSettings = {
				BUNDLE_LOADER = "$(TEST_HOST)";
				FRAMEWORK_SEARCH_PATHS = (
					"$(SDKROOT)/Developer/Library/Frameworks",
					"$(inherited)",
				);
				INFOPLIST_FILE = ForecastTests/Info.plist;
				LD_RUNPATH_SEARCH_PATHS = "$(inherited) @executable_path/Frameworks @loader_path/Frameworks";
				PRODUCT_NAME = "$(TARGET_NAME)";
				TEST_HOST = "$(BUILT_PRODUCTS_DIR)/Forecast.app/Forecast";
			};
			name = Release;
		};
/* End XCBuildConfiguration section */

/* Begin XCConfigurationList section */
		FFF182461A0518C800B9C705 /* Build configuration list for PBXProject "Forecast" */ = {
			isa = XCConfigurationList;
			buildConfigurations = (
				FFF1826F1A0518C800B9C705 /* Debug */,
				FFF182701A0518C800B9C705 /* Release */,
			);
			defaultConfigurationIsVisible = 0;
			defaultConfigurationName = Release;
		};
		FFF182711A0518C800B9C705 /* Build configuration list for PBXNativeTarget "Forecast" */ = {
			isa = XCConfigurationList;
			buildConfigurations = (
				FFF182721A0518C800B9C705 /* Debug */,
				FFF182731A0518C800B9C705 /* Release */,
			);
			defaultConfigurationIsVisible = 0;
		};
		FFF182741A0518C800B9C705 /* Build configuration list for PBXNativeTarget "ForecastTests" */ = {
			isa = XCConfigurationList;
			buildConfigurations = (
				FFF182751A0518C800B9C705 /* Debug */,
				FFF182761A0518C800B9C705 /* Release */,
			);
			defaultConfigurationIsVisible = 0;
		};
/* End XCConfigurationList section */

/* Begin XCVersionGroup section */
		FFF182551A0518C800B9C705 /* Forecast.xcdatamodeld */ = {
			isa = XCVersionGroup;
			children = (
				FFF182561A0518C800B9C705 /* Forecast.xcdatamodel */,
			);
			currentVersion = FFF182561A0518C800B9C705 /* Forecast.xcdatamodel */;
			path = Forecast.xcdatamodeld;
			sourceTree = "<group>";
			versionGroupType = wrapper.xcdatamodel;
		};
/* End XCVersionGroup section */
	};
	rootObject = FFF182431A0518C800B9C705 /* Project object */;
}
